// !$*UTF8*$!
{
	archiveVersion = 1;
	classes = {
	};
	objectVersion = 52;
	objects = {

/* Begin PBXBuildFile section */
		FA38529625F72A8B00373925 /* RestaurantDetailsView.swift in Sources */ = {isa = PBXBuildFile; fileRef = FA38529525F72A8B00373925 /* RestaurantDetailsView.swift */; };
		FA7895E525FBFD2C00847CD9 /* RestaurantPhotosView.swift in Sources */ = {isa = PBXBuildFile; fileRef = FA7895E425FBFD2C00847CD9 /* RestaurantPhotosView.swift */; };
		FAABAA8725DCE81E00C5A19D /* DestinationHeaderContainer.swift in Sources */ = {isa = PBXBuildFile; fileRef = FAABAA8625DCE81E00C5A19D /* DestinationHeaderContainer.swift */; };
		FAC05DB825D37A6000FEE8DF /* TravelDiscoveryAppApp.swift in Sources */ = {isa = PBXBuildFile; fileRef = FAC05DB725D37A6000FEE8DF /* TravelDiscoveryAppApp.swift */; };
		FAC05DBA25D37A6000FEE8DF /* DiscoverView.swift in Sources */ = {isa = PBXBuildFile; fileRef = FAC05DB925D37A6000FEE8DF /* DiscoverView.swift */; };
		FAC05DBC25D37A6300FEE8DF /* Assets.xcassets in Resources */ = {isa = PBXBuildFile; fileRef = FAC05DBB25D37A6300FEE8DF /* Assets.xcassets */; };
		FAC05DBF25D37A6300FEE8DF /* Preview Assets.xcassets in Resources */ = {isa = PBXBuildFile; fileRef = FAC05DBE25D37A6300FEE8DF /* Preview Assets.xcassets */; };
		FAC05DCB25D3C47E00FEE8DF /* PopularDestinationsView.swift in Sources */ = {isa = PBXBuildFile; fileRef = FAC05DCA25D3C47E00FEE8DF /* PopularDestinationsView.swift */; };
		FAC05DCE25D3C65A00FEE8DF /* PopularRestaurantsView.swift in Sources */ = {isa = PBXBuildFile; fileRef = FAC05DCD25D3C65A00FEE8DF /* PopularRestaurantsView.swift */; };
		FAC05DD125D3C6EC00FEE8DF /* DiscoverCategoriesView.swift in Sources */ = {isa = PBXBuildFile; fileRef = FAC05DD025D3C6EC00FEE8DF /* DiscoverCategoriesView.swift */; };
		FAC05DD425D3C72F00FEE8DF /* TrendingCreatorsView.swift in Sources */ = {isa = PBXBuildFile; fileRef = FAC05DD325D3C72F00FEE8DF /* TrendingCreatorsView.swift */; };
		FAC05DD825D3C7A300FEE8DF /* Destination.swift in Sources */ = {isa = PBXBuildFile; fileRef = FAC05DD725D3C7A300FEE8DF /* Destination.swift */; };
		FAC05DDF25D3C7E100FEE8DF /* User.swift in Sources */ = {isa = PBXBuildFile; fileRef = FAC05DDE25D3C7E100FEE8DF /* User.swift */; };
		FAC05DE225D3C7E900FEE8DF /* Category.swift in Sources */ = {isa = PBXBuildFile; fileRef = FAC05DE125D3C7E900FEE8DF /* Category.swift */; };
		FAC05DE625D3C80400FEE8DF /* Restaurant.swift in Sources */ = {isa = PBXBuildFile; fileRef = FAC05DE525D3C80400FEE8DF /* Restaurant.swift */; };
		FAC05DEB25D3CE3A00FEE8DF /* TileModifier.swift in Sources */ = {isa = PBXBuildFile; fileRef = FAC05DEA25D3CE3A00FEE8DF /* TileModifier.swift */; };
		FAC05DF125D4A1CE00FEE8DF /* Kingfisher in Frameworks */ = {isa = PBXBuildFile; productRef = FAC05DF025D4A1CE00FEE8DF /* Kingfisher */; };
		FAC05DF525D4A23A00FEE8DF /* SDWebImageSwiftUI in Frameworks */ = {isa = PBXBuildFile; productRef = FAC05DF425D4A23A00FEE8DF /* SDWebImageSwiftUI */; };
		FAC05DF925D4A46900FEE8DF /* CategoryDetailsView.swift in Sources */ = {isa = PBXBuildFile; fileRef = FAC05DF825D4A46900FEE8DF /* CategoryDetailsView.swift */; };
		FAC05DFD25D4A4D500FEE8DF /* ActivityIndicatorView.swift in Sources */ = {isa = PBXBuildFile; fileRef = FAC05DFC25D4A4D500FEE8DF /* ActivityIndicatorView.swift */; };
		FAC05E0025D4A4FF00FEE8DF /* Place.swift in Sources */ = {isa = PBXBuildFile; fileRef = FAC05DFF25D4A4FF00FEE8DF /* Place.swift */; };
/* End PBXBuildFile section */

/* Begin PBXFileReference section */
		FA38529525F72A8B00373925 /* RestaurantDetailsView.swift */ = {isa = PBXFileReference; lastKnownFileType = sourcecode.swift; path = RestaurantDetailsView.swift; sourceTree = "<group>"; };
		FA7895E425FBFD2C00847CD9 /* RestaurantPhotosView.swift */ = {isa = PBXFileReference; lastKnownFileType = sourcecode.swift; path = RestaurantPhotosView.swift; sourceTree = "<group>"; };
		FAABAA8625DCE81E00C5A19D /* DestinationHeaderContainer.swift */ = {isa = PBXFileReference; lastKnownFileType = sourcecode.swift; path = DestinationHeaderContainer.swift; sourceTree = "<group>"; };
		FAC05DB425D37A6000FEE8DF /* TravelDiscoveryApp.app */ = {isa = PBXFileReference; explicitFileType = wrapper.application; includeInIndex = 0; path = TravelDiscoveryApp.app; sourceTree = BUILT_PRODUCTS_DIR; };
		FAC05DB725D37A6000FEE8DF /* TravelDiscoveryAppApp.swift */ = {isa = PBXFileReference; lastKnownFileType = sourcecode.swift; path = TravelDiscoveryAppApp.swift; sourceTree = "<group>"; };
		FAC05DB925D37A6000FEE8DF /* DiscoverView.swift */ = {isa = PBXFileReference; lastKnownFileType = sourcecode.swift; path = DiscoverView.swift; sourceTree = "<group>"; };
		FAC05DBB25D37A6300FEE8DF /* Assets.xcassets */ = {isa = PBXFileReference; lastKnownFileType = folder.assetcatalog; path = Assets.xcassets; sourceTree = "<group>"; };
		FAC05DBE25D37A6300FEE8DF /* Preview Assets.xcassets */ = {isa = PBXFileReference; lastKnownFileType = folder.assetcatalog; path = "Preview Assets.xcassets"; sourceTree = "<group>"; };
		FAC05DC025D37A6300FEE8DF /* Info.plist */ = {isa = PBXFileReference; lastKnownFileType = text.plist.xml; path = Info.plist; sourceTree = "<group>"; };
		FAC05DCA25D3C47E00FEE8DF /* PopularDestinationsView.swift */ = {isa = PBXFileReference; lastKnownFileType = sourcecode.swift; path = PopularDestinationsView.swift; sourceTree = "<group>"; };
		FAC05DCD25D3C65A00FEE8DF /* PopularRestaurantsView.swift */ = {isa = PBXFileReference; lastKnownFileType = sourcecode.swift; path = PopularRestaurantsView.swift; sourceTree = "<group>"; };
		FAC05DD025D3C6EC00FEE8DF /* DiscoverCategoriesView.swift */ = {isa = PBXFileReference; lastKnownFileType = sourcecode.swift; path = DiscoverCategoriesView.swift; sourceTree = "<group>"; };
		FAC05DD325D3C72F00FEE8DF /* TrendingCreatorsView.swift */ = {isa = PBXFileReference; lastKnownFileType = sourcecode.swift; path = TrendingCreatorsView.swift; sourceTree = "<group>"; };
		FAC05DD725D3C7A300FEE8DF /* Destination.swift */ = {isa = PBXFileReference; lastKnownFileType = sourcecode.swift; path = Destination.swift; sourceTree = "<group>"; };
		FAC05DDE25D3C7E100FEE8DF /* User.swift */ = {isa = PBXFileReference; lastKnownFileType = sourcecode.swift; path = User.swift; sourceTree = "<group>"; };
		FAC05DE125D3C7E900FEE8DF /* Category.swift */ = {isa = PBXFileReference; lastKnownFileType = sourcecode.swift; path = Category.swift; sourceTree = "<group>"; };
		FAC05DE525D3C80400FEE8DF /* Restaurant.swift */ = {isa = PBXFileReference; lastKnownFileType = sourcecode.swift; path = Restaurant.swift; sourceTree = "<group>"; };
		FAC05DEA25D3CE3A00FEE8DF /* TileModifier.swift */ = {isa = PBXFileReference; lastKnownFileType = sourcecode.swift; path = TileModifier.swift; sourceTree = "<group>"; };
		FAC05DF825D4A46900FEE8DF /* CategoryDetailsView.swift */ = {isa = PBXFileReference; lastKnownFileType = sourcecode.swift; path = CategoryDetailsView.swift; sourceTree = "<group>"; };
		FAC05DFC25D4A4D500FEE8DF /* ActivityIndicatorView.swift */ = {isa = PBXFileReference; lastKnownFileType = sourcecode.swift; path = ActivityIndicatorView.swift; sourceTree = "<group>"; };
		FAC05DFF25D4A4FF00FEE8DF /* Place.swift */ = {isa = PBXFileReference; lastKnownFileType = sourcecode.swift; path = Place.swift; sourceTree = "<group>"; };
/* End PBXFileReference section */

/* Begin PBXFrameworksBuildPhase section */
		FAC05DB125D37A6000FEE8DF /* Frameworks */ = {
			isa = PBXFrameworksBuildPhase;
			buildActionMask = 2147483647;
			files = (
				FAC05DF525D4A23A00FEE8DF /* SDWebImageSwiftUI in Frameworks */,
				FAC05DF125D4A1CE00FEE8DF /* Kingfisher in Frameworks */,
			);
			runOnlyForDeploymentPostprocessing = 0;
		};
/* End PBXFrameworksBuildPhase section */

/* Begin PBXGroup section */
		FA38529425F72A7B00373925 /* Restaurant */ = {
			isa = PBXGroup;
			children = (
				FA38529525F72A8B00373925 /* RestaurantDetailsView.swift */,
				FA7895E425FBFD2C00847CD9 /* RestaurantPhotosView.swift */,
			);
			path = Restaurant;
			sourceTree = "<group>";
		};
		FAABAA8525DCE80900C5A19D /* DestinationGroup */ = {
			isa = PBXGroup;
			children = (
				FAABAA8625DCE81E00C5A19D /* DestinationHeaderContainer.swift */,
			);
			path = DestinationGroup;
			sourceTree = "<group>";
		};
		FAC05DAB25D37A6000FEE8DF = {
			isa = PBXGroup;
			children = (
				FAC05DB625D37A6000FEE8DF /* TravelDiscoveryApp */,
				FAC05DB525D37A6000FEE8DF /* Products */,
			);
			sourceTree = "<group>";
		};
		FAC05DB525D37A6000FEE8DF /* Products */ = {
			isa = PBXGroup;
			children = (
				FAC05DB425D37A6000FEE8DF /* TravelDiscoveryApp.app */,
			);
			name = Products;
			sourceTree = "<group>";
		};
		FAC05DB625D37A6000FEE8DF /* TravelDiscoveryApp */ = {
			isa = PBXGroup;
			children = (
				FAC05DE925D3CE2100FEE8DF /* Utils */,
				FAC05DD625D3C78700FEE8DF /* Models */,
				FAC05DC725D3C27600FEE8DF /* Discover */,
				FAC05DB725D37A6000FEE8DF /* TravelDiscoveryAppApp.swift */,
				FAC05DBB25D37A6300FEE8DF /* Assets.xcassets */,
				FAC05DC025D37A6300FEE8DF /* Info.plist */,
				FAC05DBD25D37A6300FEE8DF /* Preview Content */,
			);
			path = TravelDiscoveryApp;
			sourceTree = "<group>";
		};
		FAC05DBD25D37A6300FEE8DF /* Preview Content */ = {
			isa = PBXGroup;
			children = (
				FAC05DBE25D37A6300FEE8DF /* Preview Assets.xcassets */,
			);
			path = "Preview Content";
			sourceTree = "<group>";
		};
		FAC05DC725D3C27600FEE8DF /* Discover */ = {
			isa = PBXGroup;
			children = (
				FA38529425F72A7B00373925 /* Restaurant */,
				FAABAA8525DCE80900C5A19D /* DestinationGroup */,
				FAC05DF725D4A45900FEE8DF /* Category */,
				FAC05DB925D37A6000FEE8DF /* DiscoverView.swift */,
				FAC05DD325D3C72F00FEE8DF /* TrendingCreatorsView.swift */,
				FAC05DD025D3C6EC00FEE8DF /* DiscoverCategoriesView.swift */,
				FAC05DCD25D3C65A00FEE8DF /* PopularRestaurantsView.swift */,
				FAC05DCA25D3C47E00FEE8DF /* PopularDestinationsView.swift */,
			);
			path = Discover;
			sourceTree = "<group>";
		};
		FAC05DD625D3C78700FEE8DF /* Models */ = {
			isa = PBXGroup;
			children = (
				FAC05DD725D3C7A300FEE8DF /* Destination.swift */,
				FAC05DE525D3C80400FEE8DF /* Restaurant.swift */,
				FAC05DDE25D3C7E100FEE8DF /* User.swift */,
				FAC05DE125D3C7E900FEE8DF /* Category.swift */,
				FAC05DFF25D4A4FF00FEE8DF /* Place.swift */,
			);
			path = Models;
			sourceTree = "<group>";
		};
		FAC05DE925D3CE2100FEE8DF /* Utils */ = {
			isa = PBXGroup;
			children = (
				FAC05DEA25D3CE3A00FEE8DF /* TileModifier.swift */,
				FAC05DFC25D4A4D500FEE8DF /* ActivityIndicatorView.swift */,
			);
			path = Utils;
			sourceTree = "<group>";
		};
		FAC05DF725D4A45900FEE8DF /* Category */ = {
			isa = PBXGroup;
			children = (
				FAC05DF825D4A46900FEE8DF /* CategoryDetailsView.swift */,
			);
			path = Category;
			sourceTree = "<group>";
		};
/* End PBXGroup section */

/* Begin PBXNativeTarget section */
		FAC05DB325D37A6000FEE8DF /* TravelDiscoveryApp */ = {
			isa = PBXNativeTarget;
			buildConfigurationList = FAC05DC325D37A6300FEE8DF /* Build configuration list for PBXNativeTarget "TravelDiscoveryApp" */;
			buildPhases = (
				FAC05DB025D37A6000FEE8DF /* Sources */,
				FAC05DB125D37A6000FEE8DF /* Frameworks */,
				FAC05DB225D37A6000FEE8DF /* Resources */,
			);
			buildRules = (
			);
			dependencies = (
			);
			name = TravelDiscoveryApp;
			packageProductDependencies = (
				FAC05DF025D4A1CE00FEE8DF /* Kingfisher */,
				FAC05DF425D4A23A00FEE8DF /* SDWebImageSwiftUI */,
			);
			productName = TravelDiscoveryApp;
			productReference = FAC05DB425D37A6000FEE8DF /* TravelDiscoveryApp.app */;
			productType = "com.apple.product-type.application";
		};
/* End PBXNativeTarget section */

/* Begin PBXProject section */
		FAC05DAC25D37A6000FEE8DF /* Project object */ = {
			isa = PBXProject;
			attributes = {
				LastSwiftUpdateCheck = 1230;
				LastUpgradeCheck = 1230;
				TargetAttributes = {
					FAC05DB325D37A6000FEE8DF = {
						CreatedOnToolsVersion = 12.3;
					};
				};
			};
			buildConfigurationList = FAC05DAF25D37A6000FEE8DF /* Build configuration list for PBXProject "TravelDiscoveryApp" */;
			compatibilityVersion = "Xcode 9.3";
			developmentRegion = en;
			hasScannedForEncodings = 0;
			knownRegions = (
				en,
				Base,
			);
			mainGroup = FAC05DAB25D37A6000FEE8DF;
			packageReferences = (
				FAC05DEF25D4A1CE00FEE8DF /* XCRemoteSwiftPackageReference "Kingfisher" */,
				FAC05DF325D4A23A00FEE8DF /* XCRemoteSwiftPackageReference "SDWebImageSwiftUI" */,
			);
			productRefGroup = FAC05DB525D37A6000FEE8DF /* Products */;
			projectDirPath = "";
			projectRoot = "";
			targets = (
				FAC05DB325D37A6000FEE8DF /* TravelDiscoveryApp */,
			);
		};
/* End PBXProject section */

/* Begin PBXResourcesBuildPhase section */
		FAC05DB225D37A6000FEE8DF /* Resources */ = {
			isa = PBXResourcesBuildPhase;
			buildActionMask = 2147483647;
			files = (
				FAC05DBF25D37A6300FEE8DF /* Preview Assets.xcassets in Resources */,
				FAC05DBC25D37A6300FEE8DF /* Assets.xcassets in Resources */,
			);
			runOnlyForDeploymentPostprocessing = 0;
		};
/* End PBXResourcesBuildPhase section */

/* Begin PBXSourcesBuildPhase section */
		FAC05DB025D37A6000FEE8DF /* Sources */ = {
			isa = PBXSourcesBuildPhase;
			buildActionMask = 2147483647;
			files = (
				FA38529625F72A8B00373925 /* RestaurantDetailsView.swift in Sources */,
				FAC05DE625D3C80400FEE8DF /* Restaurant.swift in Sources */,
				FAC05DEB25D3CE3A00FEE8DF /* TileModifier.swift in Sources */,
				FAC05DE225D3C7E900FEE8DF /* Category.swift in Sources */,
				FAC05DD125D3C6EC00FEE8DF /* DiscoverCategoriesView.swift in Sources */,
				FAC05DCB25D3C47E00FEE8DF /* PopularDestinationsView.swift in Sources */,
				FAABAA8725DCE81E00C5A19D /* DestinationHeaderContainer.swift in Sources */,
				FAC05E0025D4A4FF00FEE8DF /* Place.swift in Sources */,
				FAC05DD425D3C72F00FEE8DF /* TrendingCreatorsView.swift in Sources */,
				FAC05DCE25D3C65A00FEE8DF /* PopularRestaurantsView.swift in Sources */,
				FAC05DDF25D3C7E100FEE8DF /* User.swift in Sources */,
				FAC05DBA25D37A6000FEE8DF /* DiscoverView.swift in Sources */,
				FAC05DB825D37A6000FEE8DF /* TravelDiscoveryAppApp.swift in Sources */,
				FAC05DD825D3C7A300FEE8DF /* Destination.swift in Sources */,
				FA7895E525FBFD2C00847CD9 /* RestaurantPhotosView.swift in Sources */,
				FAC05DFD25D4A4D500FEE8DF /* ActivityIndicatorView.swift in Sources */,
				FAC05DF925D4A46900FEE8DF /* CategoryDetailsView.swift in Sources */,
			);
			runOnlyForDeploymentPostprocessing = 0;
		};
/* End PBXSourcesBuildPhase section */

/* Begin XCBuildConfiguration section */
		FAC05DC125D37A6300FEE8DF /* Debug */ = {
			isa = XCBuildConfiguration;
			buildSettings = {
				ALWAYS_SEARCH_USER_PATHS = NO;
				CLANG_ANALYZER_NONNULL = YES;
				CLANG_ANALYZER_NUMBER_OBJECT_CONVERSION = YES_AGGRESSIVE;
				CLANG_CXX_LANGUAGE_STANDARD = "gnu++14";
				CLANG_CXX_LIBRARY = "libc++";
				CLANG_ENABLE_MODULES = YES;
				CLANG_ENABLE_OBJC_ARC = YES;
				CLANG_ENABLE_OBJC_WEAK = YES;
				CLANG_WARN_BLOCK_CAPTURE_AUTORELEASING = YES;
				CLANG_WARN_BOOL_CONVERSION = YES;
				CLANG_WARN_COMMA = YES;
				CLANG_WARN_CONSTANT_CONVERSION = YES;
				CLANG_WARN_DEPRECATED_OBJC_IMPLEMENTATIONS = YES;
				CLANG_WARN_DIRECT_OBJC_ISA_USAGE = YES_ERROR;
				CLANG_WARN_DOCUMENTATION_COMMENTS = YES;
				CLANG_WARN_EMPTY_BODY = YES;
				CLANG_WARN_ENUM_CONVERSION = YES;
				CLANG_WARN_INFINITE_RECURSION = YES;
				CLANG_WARN_INT_CONVERSION = YES;
				CLANG_WARN_NON_LITERAL_NULL_CONVERSION = YES;
				CLANG_WARN_OBJC_IMPLICIT_RETAIN_SELF = YES;
				CLANG_WARN_OBJC_LITERAL_CONVERSION = YES;
				CLANG_WARN_OBJC_ROOT_CLASS = YES_ERROR;
				CLANG_WARN_QUOTED_INCLUDE_IN_FRAMEWORK_HEADER = YES;
				CLANG_WARN_RANGE_LOOP_ANALYSIS = YES;
				CLANG_WARN_STRICT_PROTOTYPES = YES;
				CLANG_WARN_SUSPICIOUS_MOVE = YES;
				CLANG_WARN_UNGUARDED_AVAILABILITY = YES_AGGRESSIVE;
				CLANG_WARN_UNREACHABLE_CODE = YES;
				CLANG_WARN__DUPLICATE_METHOD_MATCH = YES;
				COPY_PHASE_STRIP = NO;
				DEBUG_INFORMATION_FORMAT = dwarf;
				ENABLE_STRICT_OBJC_MSGSEND = YES;
				ENABLE_TESTABILITY = YES;
				GCC_C_LANGUAGE_STANDARD = gnu11;
				GCC_DYNAMIC_NO_PIC = NO;
				GCC_NO_COMMON_BLOCKS = YES;
				GCC_OPTIMIZATION_LEVEL = 0;
				GCC_PREPROCESSOR_DEFINITIONS = (
					"DEBUG=1",
					"$(inherited)",
				);
				GCC_WARN_64_TO_32_BIT_CONVERSION = YES;
				GCC_WARN_ABOUT_RETURN_TYPE = YES_ERROR;
				GCC_WARN_UNDECLARED_SELECTOR = YES;
				GCC_WARN_UNINITIALIZED_AUTOS = YES_AGGRESSIVE;
				GCC_WARN_UNUSED_FUNCTION = YES;
				GCC_WARN_UNUSED_VARIABLE = YES;
				IPHONEOS_DEPLOYMENT_TARGET = 14.3;
				MTL_ENABLE_DEBUG_INFO = INCLUDE_SOURCE;
				MTL_FAST_MATH = YES;
				ONLY_ACTIVE_ARCH = YES;
				SDKROOT = iphoneos;
				SWIFT_ACTIVE_COMPILATION_CONDITIONS = DEBUG;
				SWIFT_OPTIMIZATION_LEVEL = "-Onone";
			};
			name = Debug;
		};
		FAC05DC225D37A6300FEE8DF /* Release */ = {
			isa = XCBuildConfiguration;
			buildSettings = {
				ALWAYS_SEARCH_USER_PATHS = NO;
				CLANG_ANALYZER_NONNULL = YES;
				CLANG_ANALYZER_NUMBER_OBJECT_CONVERSION = YES_AGGRESSIVE;
				CLANG_CXX_LANGUAGE_STANDARD = "gnu++14";
				CLANG_CXX_LIBRARY = "libc++";
				CLANG_ENABLE_MODULES = YES;
				CLANG_ENABLE_OBJC_ARC = YES;
				CLANG_ENABLE_OBJC_WEAK = YES;
				CLANG_WARN_BLOCK_CAPTURE_AUTORELEASING = YES;
				CLANG_WARN_BOOL_CONVERSION = YES;
				CLANG_WARN_COMMA = YES;
				CLANG_WARN_CONSTANT_CONVERSION = YES;
				CLANG_WARN_DEPRECATED_OBJC_IMPLEMENTATIONS = YES;
				CLANG_WARN_DIRECT_OBJC_ISA_USAGE = YES_ERROR;
				CLANG_WARN_DOCUMENTATION_COMMENTS = YES;
				CLANG_WARN_EMPTY_BODY = YES;
				CLANG_WARN_ENUM_CONVERSION = YES;
				CLANG_WARN_INFINITE_RECURSION = YES;
				CLANG_WARN_INT_CONVERSION = YES;
				CLANG_WARN_NON_LITERAL_NULL_CONVERSION = YES;
				CLANG_WARN_OBJC_IMPLICIT_RETAIN_SELF = YES;
				CLANG_WARN_OBJC_LITERAL_CONVERSION = YES;
				CLANG_WARN_OBJC_ROOT_CLASS = YES_ERROR;
				CLANG_WARN_QUOTED_INCLUDE_IN_FRAMEWORK_HEADER = YES;
				CLANG_WARN_RANGE_LOOP_ANALYSIS = YES;
				CLANG_WARN_STRICT_PROTOTYPES = YES;
				CLANG_WARN_SUSPICIOUS_MOVE = YES;
				CLANG_WARN_UNGUARDED_AVAILABILITY = YES_AGGRESSIVE;
				CLANG_WARN_UNREACHABLE_CODE = YES;
				CLANG_WARN__DUPLICATE_METHOD_MATCH = YES;
				COPY_PHASE_STRIP = NO;
				DEBUG_INFORMATION_FORMAT = "dwarf-with-dsym";
				ENABLE_NS_ASSERTIONS = NO;
				ENABLE_STRICT_OBJC_MSGSEND = YES;
				GCC_C_LANGUAGE_STANDARD = gnu11;
				GCC_NO_COMMON_BLOCKS = YES;
				GCC_WARN_64_TO_32_BIT_CONVERSION = YES;
				GCC_WARN_ABOUT_RETURN_TYPE = YES_ERROR;
				GCC_WARN_UNDECLARED_SELECTOR = YES;
				GCC_WARN_UNINITIALIZED_AUTOS = YES_AGGRESSIVE;
				GCC_WARN_UNUSED_FUNCTION = YES;
				GCC_WARN_UNUSED_VARIABLE = YES;
				IPHONEOS_DEPLOYMENT_TARGET = 14.3;
				MTL_ENABLE_DEBUG_INFO = NO;
				MTL_FAST_MATH = YES;
				SDKROOT = iphoneos;
				SWIFT_COMPILATION_MODE = wholemodule;
				SWIFT_OPTIMIZATION_LEVEL = "-O";
				VALIDATE_PRODUCT = YES;
			};
			name = Release;
		};
		FAC05DC425D37A6300FEE8DF /* Debug */ = {
			isa = XCBuildConfiguration;
			buildSettings = {
				ASSETCATALOG_COMPILER_APPICON_NAME = AppIcon;
				ASSETCATALOG_COMPILER_GLOBAL_ACCENT_COLOR_NAME = AccentColor;
				CODE_SIGN_STYLE = Automatic;
				DEVELOPMENT_ASSET_PATHS = "\"TravelDiscoveryApp/Preview Content\"";
				DEVELOPMENT_TEAM = CLJ424P4FQ;
				ENABLE_PREVIEWS = YES;
				INFOPLIST_FILE = TravelDiscoveryApp/Info.plist;
				IPHONEOS_DEPLOYMENT_TARGET = 14.0;
				LD_RUNPATH_SEARCH_PATHS = (
					"$(inherited)",
					"@executable_path/Frameworks",
				);
				PRODUCT_BUNDLE_IDENTIFIER = com.SAWKA.TravelDiscoveryApp;
				PRODUCT_NAME = "$(TARGET_NAME)";
				SWIFT_VERSION = 5.0;
				TARGETED_DEVICE_FAMILY = "1,2";
			};
			name = Debug;
		};
		FAC05DC525D37A6300FEE8DF /* Release */ = {
			isa = XCBuildConfiguration;
			buildSettings = {
				ASSETCATALOG_COMPILER_APPICON_NAME = AppIcon;
				ASSETCATALOG_COMPILER_GLOBAL_ACCENT_COLOR_NAME = AccentColor;
				CODE_SIGN_STYLE = Automatic;
				DEVELOPMENT_ASSET_PATHS = "\"TravelDiscoveryApp/Preview Content\"";
				DEVELOPMENT_TEAM = CLJ424P4FQ;
				ENABLE_PREVIEWS = YES;
				INFOPLIST_FILE = TravelDiscoveryApp/Info.plist;
				IPHONEOS_DEPLOYMENT_TARGET = 14.0;
				LD_RUNPATH_SEARCH_PATHS = (
					"$(inherited)",
					"@executable_path/Frameworks",
				);
				PRODUCT_BUNDLE_IDENTIFIER = com.SAWKA.TravelDiscoveryApp;
				PRODUCT_NAME = "$(TARGET_NAME)";
				SWIFT_VERSION = 5.0;
				TARGETED_DEVICE_FAMILY = "1,2";
			};
			name = Release;
		};
/* End XCBuildConfiguration section */

/* Begin XCConfigurationList section */
		FAC05DAF25D37A6000FEE8DF /* Build configuration list for PBXProject "TravelDiscoveryApp" */ = {
			isa = XCConfigurationList;
			buildConfigurations = (
				FAC05DC125D37A6300FEE8DF /* Debug */,
				FAC05DC225D37A6300FEE8DF /* Release */,
			);
			defaultConfigurationIsVisible = 0;
			defaultConfigurationName = Release;
		};
		FAC05DC325D37A6300FEE8DF /* Build configuration list for PBXNativeTarget "TravelDiscoveryApp" */ = {
			isa = XCConfigurationList;
			buildConfigurations = (
				FAC05DC425D37A6300FEE8DF /* Debug */,
				FAC05DC525D37A6300FEE8DF /* Release */,
			);
			defaultConfigurationIsVisible = 0;
			defaultConfigurationName = Release;
		};
/* End XCConfigurationList section */

/* Begin XCRemoteSwiftPackageReference section */
		FAC05DEF25D4A1CE00FEE8DF /* XCRemoteSwiftPackageReference "Kingfisher" */ = {
			isa = XCRemoteSwiftPackageReference;
			repositoryURL = "https://github.com/onevcat/Kingfisher";
			requirement = {
				kind = upToNextMajorVersion;
				minimumVersion = 6.1.0;
			};
		};
		FAC05DF325D4A23A00FEE8DF /* XCRemoteSwiftPackageReference "SDWebImageSwiftUI" */ = {
			isa = XCRemoteSwiftPackageReference;
			repositoryURL = "https://github.com/SDWebImage/SDWebImageSwiftUI";
			requirement = {
				kind = upToNextMajorVersion;
				minimumVersion = 1.5.0;
			};
		};
/* End XCRemoteSwiftPackageReference section */

/* Begin XCSwiftPackageProductDependency section */
		FAC05DF025D4A1CE00FEE8DF /* Kingfisher */ = {
			isa = XCSwiftPackageProductDependency;
			package = FAC05DEF25D4A1CE00FEE8DF /* XCRemoteSwiftPackageReference "Kingfisher" */;
			productName = Kingfisher;
		};
		FAC05DF425D4A23A00FEE8DF /* SDWebImageSwiftUI */ = {
			isa = XCSwiftPackageProductDependency;
			package = FAC05DF325D4A23A00FEE8DF /* XCRemoteSwiftPackageReference "SDWebImageSwiftUI" */;
			productName = SDWebImageSwiftUI;
		};
/* End XCSwiftPackageProductDependency section */
	};
	rootObject = FAC05DAC25D37A6000FEE8DF /* Project object */;
}
